{
  "object": {
    "pins": [
      {
        "package": "MDText",
        "repositoryURL": "https://github.com/B0kCh01/MDText.git",
        "state": {
          "branch": "master",
          "revision": "2d378f544028fcb68a42367aa19175285acc98f4",
          "version": null
        }
      },
      {
        "package": "ModalView",
        "repositoryURL": "https://github.com/diniska/modal-view.git",
        "state": {
          "branch": "master",
          "revision": "ad7c17cbbdf0662f3defc5bfefd6d912d458d4a4",
          "version": null
        }
      }
    ]
  },
  "version": 1
}
